<?xml version="1.0" encoding="UTF-8"?>
<CodeBlocks_project_file>
	<FileVersion major="1" minor="6"/>
	<Project>
		<Option title="libgme"/>
		<Option makefile_is_custom="1"/>
		<Option compiler="clang"/>
		<Option virtualFolders="CMake Files\;CMake Files\..\;CMake Files\..\..\;CMake Files\..\..\..\;CMake Files\..\..\..\..\;CMake Files\..\..\..\..\usr\;CMake Files\..\..\..\..\usr\local\;CMake Files\..\..\..\..\usr\local\lib\;CMake Files\..\..\..\..\usr\local\lib\cmake\;CMake Files\..\..\..\..\usr\local\lib\cmake\Boost-1.74.0\;CMake Files\..\..\..\..\usr\local\lib\cmake\boost_headers-1.74.0\;CMake Files\..\..\..\..\usr\local\lib\cmake\boost_filesystem-1.74.0\;CMake Files\..\..\..\..\usr\local\lib\cmake\boost_thread-1.74.0\;CMake Files\..\..\..\..\usr\local\lib\cmake\boost_system-1.74.0\;CMake Files\..\..\..\..\usr\local\lib\cmake\boost_date_time-1.74.0\;CMake Files\..\..\..\..\usr\local\lib\cmake\boost_chrono-1.74.0\;CMake Files\..\..\..\..\usr\local\lib\cmake\boost_regex-1.74.0\;CMake Files\..\..\..\..\usr\local\lib\cmake\boost_iostreams-1.74.0\;CMake Files\src\;CMake Files\src\lib\;CMake Files\src\vizdoom\;CMake Files\src\vizdoom\src\;CMake Files\src\vizdoom\src\posix\;CMake Files\src\vizdoom\src\posix\osx\;CMake Files\src\vizdoom\game-music-emu\;CMake Files\src\vizdoom\game-music-emu\gme\;CMake Files\src\vizdoom\lzma\;CMake Files\src\vizdoom\tools\;CMake Files\src\vizdoom\tools\lemon\;CMake Files\src\vizdoom\tools\re2c\;CMake Files\src\vizdoom\tools\updaterevision\;CMake Files\src\vizdoom\tools\zipdir\;CMake Files\src\vizdoom\dumb\;CMake Files\src\vizdoom\gdtoa\;CMake Files\src\vizdoom\wadsrc\;CMake Files\src\lib_python\;CMake Files\src\lib_python\pybind11\;CMake Files\src\lib_python\pybind11\tools\;CMake Files\cmake_modules\;"/>
		<Build>
			<Target title="all">
				<Option working_dir="/Users/mwydmuch/Workspace/ViZDoom2/src/vizdoom/game-music-emu"/>
				<Option type="4"/>
				<MakeCommands>
					<Build command="/usr/bin/make -f &quot;/Users/mwydmuch/Workspace/ViZDoom2/src/vizdoom/game-music-emu/Makefile&quot;  VERBOSE=1 all"/>
					<CompileFile command="/usr/bin/make -f &quot;/Users/mwydmuch/Workspace/ViZDoom2/src/vizdoom/game-music-emu/Makefile&quot;  VERBOSE=1 &quot;$file&quot;"/>
					<Clean command="/usr/bin/make -f &quot;/Users/mwydmuch/Workspace/ViZDoom2/src/vizdoom/game-music-emu/Makefile&quot;  VERBOSE=1 clean"/>
					<DistClean command="/usr/bin/make -f &quot;/Users/mwydmuch/Workspace/ViZDoom2/src/vizdoom/game-music-emu/Makefile&quot;  VERBOSE=1 clean"/>
				</MakeCommands>
			</Target>
			<Target title="gme">
				<Option output="/Users/mwydmuch/Workspace/ViZDoom2/src/vizdoom/game-music-emu/gme/libgme.a" prefix_auto="0" extension_auto="0"/>
				<Option working_dir="/Users/mwydmuch/Workspace/ViZDoom2/src/vizdoom/game-music-emu/gme"/>
				<Option object_output="./"/>
				<Option type="2"/>
				<Option compiler="clang"/>
				<Compiler>
					<Add directory="/Users/mwydmuch/Workspace/ViZDoom2/include"/>
					<Add directory="/Users/mwydmuch/Workspace/ViZDoom2/src/lib"/>
					<Add directory="/Users/mwydmuch/Workspace/ViZDoom2/src/vizdoom/game-music-emu/gme"/>
				</Compiler>
				<MakeCommands>
					<Build command="/usr/bin/make -f &quot;/Users/mwydmuch/Workspace/ViZDoom2/src/vizdoom/game-music-emu/gme/Makefile&quot;  VERBOSE=1 gme"/>
					<CompileFile command="/usr/bin/make -f &quot;/Users/mwydmuch/Workspace/ViZDoom2/src/vizdoom/game-music-emu/gme/Makefile&quot;  VERBOSE=1 &quot;$file&quot;"/>
					<Clean command="/usr/bin/make -f &quot;/Users/mwydmuch/Workspace/ViZDoom2/src/vizdoom/game-music-emu/gme/Makefile&quot;  VERBOSE=1 clean"/>
					<DistClean command="/usr/bin/make -f &quot;/Users/mwydmuch/Workspace/ViZDoom2/src/vizdoom/game-music-emu/gme/Makefile&quot;  VERBOSE=1 clean"/>
				</MakeCommands>
			</Target>
			<Target title="gme/fast">
				<Option output="/Users/mwydmuch/Workspace/ViZDoom2/src/vizdoom/game-music-emu/gme/libgme.a" prefix_auto="0" extension_auto="0"/>
				<Option working_dir="/Users/mwydmuch/Workspace/ViZDoom2/src/vizdoom/game-music-emu/gme"/>
				<Option object_output="./"/>
				<Option type="2"/>
				<Option compiler="clang"/>
				<Compiler>
					<Add directory="/Users/mwydmuch/Workspace/ViZDoom2/include"/>
					<Add directory="/Users/mwydmuch/Workspace/ViZDoom2/src/lib"/>
					<Add directory="/Users/mwydmuch/Workspace/ViZDoom2/src/vizdoom/game-music-emu/gme"/>
				</Compiler>
				<MakeCommands>
					<Build command="/usr/bin/make -f &quot;/Users/mwydmuch/Workspace/ViZDoom2/src/vizdoom/game-music-emu/gme/Makefile&quot;  VERBOSE=1 gme/fast"/>
					<CompileFile command="/usr/bin/make -f &quot;/Users/mwydmuch/Workspace/ViZDoom2/src/vizdoom/game-music-emu/gme/Makefile&quot;  VERBOSE=1 &quot;$file&quot;"/>
					<Clean command="/usr/bin/make -f &quot;/Users/mwydmuch/Workspace/ViZDoom2/src/vizdoom/game-music-emu/gme/Makefile&quot;  VERBOSE=1 clean"/>
					<DistClean command="/usr/bin/make -f &quot;/Users/mwydmuch/Workspace/ViZDoom2/src/vizdoom/game-music-emu/gme/Makefile&quot;  VERBOSE=1 clean"/>
				</MakeCommands>
			</Target>
		</Build>
		<Unit filename="/Users/mwydmuch/Workspace/ViZDoom2/src/vizdoom/game-music-emu/gme/Ay_Apu.cpp">
			<Option target="gme"/>
		</Unit>
		<Unit filename="/Users/mwydmuch/Workspace/ViZDoom2/src/vizdoom/game-music-emu/gme/Ay_Apu.h">
			<Option target="gme"/>
		</Unit>
		<Unit filename="/Users/mwydmuch/Workspace/ViZDoom2/src/vizdoom/game-music-emu/gme/Ay_Cpu.cpp">
			<Option target="gme"/>
		</Unit>
		<Unit filename="/Users/mwydmuch/Workspace/ViZDoom2/src/vizdoom/game-music-emu/gme/Ay_Cpu.h">
			<Option target="gme"/>
		</Unit>
		<Unit filename="/Users/mwydmuch/Workspace/ViZDoom2/src/vizdoom/game-music-emu/gme/Ay_Emu.cpp">
			<Option target="gme"/>
		</Unit>
		<Unit filename="/Users/mwydmuch/Workspace/ViZDoom2/src/vizdoom/game-music-emu/gme/Ay_Emu.h">
			<Option target="gme"/>
		</Unit>
		<Unit filename="/Users/mwydmuch/Workspace/ViZDoom2/src/vizdoom/game-music-emu/gme/Blip_Buffer.cpp">
			<Option target="gme"/>
		</Unit>
		<Unit filename="/Users/mwydmuch/Workspace/ViZDoom2/src/vizdoom/game-music-emu/gme/Blip_Buffer.h">
			<Option target="gme"/>
		</Unit>
		<Unit filename="/Users/mwydmuch/Workspace/ViZDoom2/src/vizdoom/game-music-emu/gme/Classic_Emu.cpp">
			<Option target="gme"/>
		</Unit>
		<Unit filename="/Users/mwydmuch/Workspace/ViZDoom2/src/vizdoom/game-music-emu/gme/Classic_Emu.h">
			<Option target="gme"/>
		</Unit>
		<Unit filename="/Users/mwydmuch/Workspace/ViZDoom2/src/vizdoom/game-music-emu/gme/Data_Reader.cpp">
			<Option target="gme"/>
		</Unit>
		<Unit filename="/Users/mwydmuch/Workspace/ViZDoom2/src/vizdoom/game-music-emu/gme/Data_Reader.h">
			<Option target="gme"/>
		</Unit>
		<Unit filename="/Users/mwydmuch/Workspace/ViZDoom2/src/vizdoom/game-music-emu/gme/Dual_Resampler.cpp">
			<Option target="gme"/>
		</Unit>
		<Unit filename="/Users/mwydmuch/Workspace/ViZDoom2/src/vizdoom/game-music-emu/gme/Dual_Resampler.h">
			<Option target="gme"/>
		</Unit>
		<Unit filename="/Users/mwydmuch/Workspace/ViZDoom2/src/vizdoom/game-music-emu/gme/Effects_Buffer.cpp">
			<Option target="gme"/>
		</Unit>
		<Unit filename="/Users/mwydmuch/Workspace/ViZDoom2/src/vizdoom/game-music-emu/gme/Effects_Buffer.h">
			<Option target="gme"/>
		</Unit>
		<Unit filename="/Users/mwydmuch/Workspace/ViZDoom2/src/vizdoom/game-music-emu/gme/Fir_Resampler.cpp">
			<Option target="gme"/>
		</Unit>
		<Unit filename="/Users/mwydmuch/Workspace/ViZDoom2/src/vizdoom/game-music-emu/gme/Fir_Resampler.h">
			<Option target="gme"/>
		</Unit>
		<Unit filename="/Users/mwydmuch/Workspace/ViZDoom2/src/vizdoom/game-music-emu/gme/Gb_Apu.cpp">
			<Option target="gme"/>
		</Unit>
		<Unit filename="/Users/mwydmuch/Workspace/ViZDoom2/src/vizdoom/game-music-emu/gme/Gb_Apu.h">
			<Option target="gme"/>
		</Unit>
		<Unit filename="/Users/mwydmuch/Workspace/ViZDoom2/src/vizdoom/game-music-emu/gme/Gb_Cpu.cpp">
			<Option target="gme"/>
		</Unit>
		<Unit filename="/Users/mwydmuch/Workspace/ViZDoom2/src/vizdoom/game-music-emu/gme/Gb_Cpu.h">
			<Option target="gme"/>
		</Unit>
		<Unit filename="/Users/mwydmuch/Workspace/ViZDoom2/src/vizdoom/game-music-emu/gme/Gb_Oscs.cpp">
			<Option target="gme"/>
		</Unit>
		<Unit filename="/Users/mwydmuch/Workspace/ViZDoom2/src/vizdoom/game-music-emu/gme/Gb_Oscs.h">
			<Option target="gme"/>
		</Unit>
		<Unit filename="/Users/mwydmuch/Workspace/ViZDoom2/src/vizdoom/game-music-emu/gme/Gbs_Emu.cpp">
			<Option target="gme"/>
		</Unit>
		<Unit filename="/Users/mwydmuch/Workspace/ViZDoom2/src/vizdoom/game-music-emu/gme/Gbs_Emu.h">
			<Option target="gme"/>
		</Unit>
		<Unit filename="/Users/mwydmuch/Workspace/ViZDoom2/src/vizdoom/game-music-emu/gme/Gme_File.cpp">
			<Option target="gme"/>
		</Unit>
		<Unit filename="/Users/mwydmuch/Workspace/ViZDoom2/src/vizdoom/game-music-emu/gme/Gme_File.h">
			<Option target="gme"/>
		</Unit>
		<Unit filename="/Users/mwydmuch/Workspace/ViZDoom2/src/vizdoom/game-music-emu/gme/Gym_Emu.cpp">
			<Option target="gme"/>
		</Unit>
		<Unit filename="/Users/mwydmuch/Workspace/ViZDoom2/src/vizdoom/game-music-emu/gme/Gym_Emu.h">
			<Option target="gme"/>
		</Unit>
		<Unit filename="/Users/mwydmuch/Workspace/ViZDoom2/src/vizdoom/game-music-emu/gme/Hes_Apu.cpp">
			<Option target="gme"/>
		</Unit>
		<Unit filename="/Users/mwydmuch/Workspace/ViZDoom2/src/vizdoom/game-music-emu/gme/Hes_Apu.h">
			<Option target="gme"/>
		</Unit>
		<Unit filename="/Users/mwydmuch/Workspace/ViZDoom2/src/vizdoom/game-music-emu/gme/Hes_Cpu.cpp">
			<Option target="gme"/>
		</Unit>
		<Unit filename="/Users/mwydmuch/Workspace/ViZDoom2/src/vizdoom/game-music-emu/gme/Hes_Cpu.h">
			<Option target="gme"/>
		</Unit>
		<Unit filename="/Users/mwydmuch/Workspace/ViZDoom2/src/vizdoom/game-music-emu/gme/Hes_Emu.cpp">
			<Option target="gme"/>
		</Unit>
		<Unit filename="/Users/mwydmuch/Workspace/ViZDoom2/src/vizdoom/game-music-emu/gme/Hes_Emu.h">
			<Option target="gme"/>
		</Unit>
		<Unit filename="/Users/mwydmuch/Workspace/ViZDoom2/src/vizdoom/game-music-emu/gme/Kss_Cpu.cpp">
			<Option target="gme"/>
		</Unit>
		<Unit filename="/Users/mwydmuch/Workspace/ViZDoom2/src/vizdoom/game-music-emu/gme/Kss_Cpu.h">
			<Option target="gme"/>
		</Unit>
		<Unit filename="/Users/mwydmuch/Workspace/ViZDoom2/src/vizdoom/game-music-emu/gme/Kss_Emu.cpp">
			<Option target="gme"/>
		</Unit>
		<Unit filename="/Users/mwydmuch/Workspace/ViZDoom2/src/vizdoom/game-music-emu/gme/Kss_Emu.h">
			<Option target="gme"/>
		</Unit>
		<Unit filename="/Users/mwydmuch/Workspace/ViZDoom2/src/vizdoom/game-music-emu/gme/Kss_Scc_Apu.cpp">
			<Option target="gme"/>
		</Unit>
		<Unit filename="/Users/mwydmuch/Workspace/ViZDoom2/src/vizdoom/game-music-emu/gme/Kss_Scc_Apu.h">
			<Option target="gme"/>
		</Unit>
		<Unit filename="/Users/mwydmuch/Workspace/ViZDoom2/src/vizdoom/game-music-emu/gme/M3u_Playlist.cpp">
			<Option target="gme"/>
		</Unit>
		<Unit filename="/Users/mwydmuch/Workspace/ViZDoom2/src/vizdoom/game-music-emu/gme/M3u_Playlist.h">
			<Option target="gme"/>
		</Unit>
		<Unit filename="/Users/mwydmuch/Workspace/ViZDoom2/src/vizdoom/game-music-emu/gme/Multi_Buffer.cpp">
			<Option target="gme"/>
		</Unit>
		<Unit filename="/Users/mwydmuch/Workspace/ViZDoom2/src/vizdoom/game-music-emu/gme/Multi_Buffer.h">
			<Option target="gme"/>
		</Unit>
		<Unit filename="/Users/mwydmuch/Workspace/ViZDoom2/src/vizdoom/game-music-emu/gme/Music_Emu.cpp">
			<Option target="gme"/>
		</Unit>
		<Unit filename="/Users/mwydmuch/Workspace/ViZDoom2/src/vizdoom/game-music-emu/gme/Music_Emu.h">
			<Option target="gme"/>
		</Unit>
		<Unit filename="/Users/mwydmuch/Workspace/ViZDoom2/src/vizdoom/game-music-emu/gme/Nes_Apu.cpp">
			<Option target="gme"/>
		</Unit>
		<Unit filename="/Users/mwydmuch/Workspace/ViZDoom2/src/vizdoom/game-music-emu/gme/Nes_Apu.h">
			<Option target="gme"/>
		</Unit>
		<Unit filename="/Users/mwydmuch/Workspace/ViZDoom2/src/vizdoom/game-music-emu/gme/Nes_Cpu.cpp">
			<Option target="gme"/>
		</Unit>
		<Unit filename="/Users/mwydmuch/Workspace/ViZDoom2/src/vizdoom/game-music-emu/gme/Nes_Cpu.h">
			<Option target="gme"/>
		</Unit>
		<Unit filename="/Users/mwydmuch/Workspace/ViZDoom2/src/vizdoom/game-music-emu/gme/Nes_Fme7_Apu.cpp">
			<Option target="gme"/>
		</Unit>
		<Unit filename="/Users/mwydmuch/Workspace/ViZDoom2/src/vizdoom/game-music-emu/gme/Nes_Fme7_Apu.h">
			<Option target="gme"/>
		</Unit>
		<Unit filename="/Users/mwydmuch/Workspace/ViZDoom2/src/vizdoom/game-music-emu/gme/Nes_Namco_Apu.cpp">
			<Option target="gme"/>
		</Unit>
		<Unit filename="/Users/mwydmuch/Workspace/ViZDoom2/src/vizdoom/game-music-emu/gme/Nes_Namco_Apu.h">
			<Option target="gme"/>
		</Unit>
		<Unit filename="/Users/mwydmuch/Workspace/ViZDoom2/src/vizdoom/game-music-emu/gme/Nes_Oscs.cpp">
			<Option target="gme"/>
		</Unit>
		<Unit filename="/Users/mwydmuch/Workspace/ViZDoom2/src/vizdoom/game-music-emu/gme/Nes_Oscs.h">
			<Option target="gme"/>
		</Unit>
		<Unit filename="/Users/mwydmuch/Workspace/ViZDoom2/src/vizdoom/game-music-emu/gme/Nes_Vrc6_Apu.cpp">
			<Option target="gme"/>
		</Unit>
		<Unit filename="/Users/mwydmuch/Workspace/ViZDoom2/src/vizdoom/game-music-emu/gme/Nes_Vrc6_Apu.h">
			<Option target="gme"/>
		</Unit>
		<Unit filename="/Users/mwydmuch/Workspace/ViZDoom2/src/vizdoom/game-music-emu/gme/Nsf_Emu.cpp">
			<Option target="gme"/>
		</Unit>
		<Unit filename="/Users/mwydmuch/Workspace/ViZDoom2/src/vizdoom/game-music-emu/gme/Nsf_Emu.h">
			<Option target="gme"/>
		</Unit>
		<Unit filename="/Users/mwydmuch/Workspace/ViZDoom2/src/vizdoom/game-music-emu/gme/Nsfe_Emu.cpp">
			<Option target="gme"/>
		</Unit>
		<Unit filename="/Users/mwydmuch/Workspace/ViZDoom2/src/vizdoom/game-music-emu/gme/Nsfe_Emu.h">
			<Option target="gme"/>
		</Unit>
		<Unit filename="/Users/mwydmuch/Workspace/ViZDoom2/src/vizdoom/game-music-emu/gme/Sap_Apu.cpp">
			<Option target="gme"/>
		</Unit>
		<Unit filename="/Users/mwydmuch/Workspace/ViZDoom2/src/vizdoom/game-music-emu/gme/Sap_Apu.h">
			<Option target="gme"/>
		</Unit>
		<Unit filename="/Users/mwydmuch/Workspace/ViZDoom2/src/vizdoom/game-music-emu/gme/Sap_Cpu.cpp">
			<Option target="gme"/>
		</Unit>
		<Unit filename="/Users/mwydmuch/Workspace/ViZDoom2/src/vizdoom/game-music-emu/gme/Sap_Cpu.h">
			<Option target="gme"/>
		</Unit>
		<Unit filename="/Users/mwydmuch/Workspace/ViZDoom2/src/vizdoom/game-music-emu/gme/Sap_Emu.cpp">
			<Option target="gme"/>
		</Unit>
		<Unit filename="/Users/mwydmuch/Workspace/ViZDoom2/src/vizdoom/game-music-emu/gme/Sap_Emu.h">
			<Option target="gme"/>
		</Unit>
		<Unit filename="/Users/mwydmuch/Workspace/ViZDoom2/src/vizdoom/game-music-emu/gme/Sms_Apu.cpp">
			<Option target="gme"/>
		</Unit>
		<Unit filename="/Users/mwydmuch/Workspace/ViZDoom2/src/vizdoom/game-music-emu/gme/Sms_Apu.h">
			<Option target="gme"/>
		</Unit>
		<Unit filename="/Users/mwydmuch/Workspace/ViZDoom2/src/vizdoom/game-music-emu/gme/Snes_Spc.cpp">
			<Option target="gme"/>
		</Unit>
		<Unit filename="/Users/mwydmuch/Workspace/ViZDoom2/src/vizdoom/game-music-emu/gme/Snes_Spc.h">
			<Option target="gme"/>
		</Unit>
		<Unit filename="/Users/mwydmuch/Workspace/ViZDoom2/src/vizdoom/game-music-emu/gme/Spc_Cpu.cpp">
			<Option target="gme"/>
		</Unit>
		<Unit filename="/Users/mwydmuch/Workspace/ViZDoom2/src/vizdoom/game-music-emu/gme/Spc_Cpu.h">
			<Option target="gme"/>
		</Unit>
		<Unit filename="/Users/mwydmuch/Workspace/ViZDoom2/src/vizdoom/game-music-emu/gme/Spc_Dsp.cpp">
			<Option target="gme"/>
		</Unit>
		<Unit filename="/Users/mwydmuch/Workspace/ViZDoom2/src/vizdoom/game-music-emu/gme/Spc_Dsp.h">
			<Option target="gme"/>
		</Unit>
		<Unit filename="/Users/mwydmuch/Workspace/ViZDoom2/src/vizdoom/game-music-emu/gme/Spc_Emu.cpp">
			<Option target="gme"/>
		</Unit>
		<Unit filename="/Users/mwydmuch/Workspace/ViZDoom2/src/vizdoom/game-music-emu/gme/Spc_Emu.h">
			<Option target="gme"/>
		</Unit>
		<Unit filename="/Users/mwydmuch/Workspace/ViZDoom2/src/vizdoom/game-music-emu/gme/Spc_Filter.cpp">
			<Option target="gme"/>
		</Unit>
		<Unit filename="/Users/mwydmuch/Workspace/ViZDoom2/src/vizdoom/game-music-emu/gme/Spc_Filter.h">
			<Option target="gme"/>
		</Unit>
		<Unit filename="/Users/mwydmuch/Workspace/ViZDoom2/src/vizdoom/game-music-emu/gme/Vgm_Emu.cpp">
			<Option target="gme"/>
		</Unit>
		<Unit filename="/Users/mwydmuch/Workspace/ViZDoom2/src/vizdoom/game-music-emu/gme/Vgm_Emu.h">
			<Option target="gme"/>
		</Unit>
		<Unit filename="/Users/mwydmuch/Workspace/ViZDoom2/src/vizdoom/game-music-emu/gme/Vgm_Emu_Impl.cpp">
			<Option target="gme"/>
		</Unit>
		<Unit filename="/Users/mwydmuch/Workspace/ViZDoom2/src/vizdoom/game-music-emu/gme/Vgm_Emu_Impl.h">
			<Option target="gme"/>
		</Unit>
		<Unit filename="/Users/mwydmuch/Workspace/ViZDoom2/src/vizdoom/game-music-emu/gme/Ym2413_Emu.cpp">
			<Option target="gme"/>
		</Unit>
		<Unit filename="/Users/mwydmuch/Workspace/ViZDoom2/src/vizdoom/game-music-emu/gme/Ym2413_Emu.h">
			<Option target="gme"/>
		</Unit>
		<Unit filename="/Users/mwydmuch/Workspace/ViZDoom2/src/vizdoom/game-music-emu/gme/Ym2612_Emu.cpp">
			<Option target="gme"/>
		</Unit>
		<Unit filename="/Users/mwydmuch/Workspace/ViZDoom2/src/vizdoom/game-music-emu/gme/Ym2612_Emu.h">
			<Option target="gme"/>
		</Unit>
		<Unit filename="/Users/mwydmuch/Workspace/ViZDoom2/src/vizdoom/game-music-emu/gme/gme.cpp">
			<Option target="gme"/>
		</Unit>
		<Unit filename="/Users/mwydmuch/Workspace/ViZDoom2/src/vizdoom/game-music-emu/gme/gme.h">
			<Option target="gme"/>
		</Unit>
		<Unit filename="/Users/mwydmuch/Workspace/ViZDoom2/CMakeLists.txt">
			<Option virtualFolder="CMake Files\"/>
		</Unit>
		<Unit filename="/Users/mwydmuch/Workspace/ViZDoom2/../../../../usr/local/lib/cmake/BoostDetectToolset-1.74.0.cmake">
			<Option virtualFolder="CMake Files\..\..\..\..\usr\local\lib\cmake\"/>
		</Unit>
		<Unit filename="/Users/mwydmuch/Workspace/ViZDoom2/../../../../usr/local/lib/cmake/Boost-1.74.0/BoostConfig.cmake">
			<Option virtualFolder="CMake Files\..\..\..\..\usr\local\lib\cmake\Boost-1.74.0\"/>
		</Unit>
		<Unit filename="/Users/mwydmuch/Workspace/ViZDoom2/../../../../usr/local/lib/cmake/Boost-1.74.0/BoostConfigVersion.cmake">
			<Option virtualFolder="CMake Files\..\..\..\..\usr\local\lib\cmake\Boost-1.74.0\"/>
		</Unit>
		<Unit filename="/Users/mwydmuch/Workspace/ViZDoom2/../../../../usr/local/lib/cmake/boost_headers-1.74.0/boost_headers-config-version.cmake">
			<Option virtualFolder="CMake Files\..\..\..\..\usr\local\lib\cmake\boost_headers-1.74.0\"/>
		</Unit>
		<Unit filename="/Users/mwydmuch/Workspace/ViZDoom2/../../../../usr/local/lib/cmake/boost_headers-1.74.0/boost_headers-config.cmake">
			<Option virtualFolder="CMake Files\..\..\..\..\usr\local\lib\cmake\boost_headers-1.74.0\"/>
		</Unit>
		<Unit filename="/Users/mwydmuch/Workspace/ViZDoom2/../../../../usr/local/lib/cmake/boost_filesystem-1.74.0/boost_filesystem-config-version.cmake">
			<Option virtualFolder="CMake Files\..\..\..\..\usr\local\lib\cmake\boost_filesystem-1.74.0\"/>
		</Unit>
		<Unit filename="/Users/mwydmuch/Workspace/ViZDoom2/../../../../usr/local/lib/cmake/boost_filesystem-1.74.0/boost_filesystem-config.cmake">
			<Option virtualFolder="CMake Files\..\..\..\..\usr\local\lib\cmake\boost_filesystem-1.74.0\"/>
		</Unit>
		<Unit filename="/Users/mwydmuch/Workspace/ViZDoom2/../../../../usr/local/lib/cmake/boost_filesystem-1.74.0/libboost_filesystem-variant-mt-shared.cmake">
			<Option virtualFolder="CMake Files\..\..\..\..\usr\local\lib\cmake\boost_filesystem-1.74.0\"/>
		</Unit>
		<Unit filename="/Users/mwydmuch/Workspace/ViZDoom2/../../../../usr/local/lib/cmake/boost_filesystem-1.74.0/libboost_filesystem-variant-mt-static.cmake">
			<Option virtualFolder="CMake Files\..\..\..\..\usr\local\lib\cmake\boost_filesystem-1.74.0\"/>
		</Unit>
		<Unit filename="/Users/mwydmuch/Workspace/ViZDoom2/../../../../usr/local/lib/cmake/boost_filesystem-1.74.0/libboost_filesystem-variant-shared.cmake">
			<Option virtualFolder="CMake Files\..\..\..\..\usr\local\lib\cmake\boost_filesystem-1.74.0\"/>
		</Unit>
		<Unit filename="/Users/mwydmuch/Workspace/ViZDoom2/../../../../usr/local/lib/cmake/boost_filesystem-1.74.0/libboost_filesystem-variant-static.cmake">
			<Option virtualFolder="CMake Files\..\..\..\..\usr\local\lib\cmake\boost_filesystem-1.74.0\"/>
		</Unit>
		<Unit filename="/Users/mwydmuch/Workspace/ViZDoom2/../../../../usr/local/lib/cmake/boost_thread-1.74.0/boost_thread-config-version.cmake">
			<Option virtualFolder="CMake Files\..\..\..\..\usr\local\lib\cmake\boost_thread-1.74.0\"/>
		</Unit>
		<Unit filename="/Users/mwydmuch/Workspace/ViZDoom2/../../../../usr/local/lib/cmake/boost_thread-1.74.0/boost_thread-config.cmake">
			<Option virtualFolder="CMake Files\..\..\..\..\usr\local\lib\cmake\boost_thread-1.74.0\"/>
		</Unit>
		<Unit filename="/Users/mwydmuch/Workspace/ViZDoom2/../../../../usr/local/lib/cmake/boost_thread-1.74.0/libboost_thread-variant-mt-shared.cmake">
			<Option virtualFolder="CMake Files\..\..\..\..\usr\local\lib\cmake\boost_thread-1.74.0\"/>
		</Unit>
		<Unit filename="/Users/mwydmuch/Workspace/ViZDoom2/../../../../usr/local/lib/cmake/boost_thread-1.74.0/libboost_thread-variant-mt-static.cmake">
			<Option virtualFolder="CMake Files\..\..\..\..\usr\local\lib\cmake\boost_thread-1.74.0\"/>
		</Unit>
		<Unit filename="/Users/mwydmuch/Workspace/ViZDoom2/../../../../usr/local/lib/cmake/boost_system-1.74.0/boost_system-config-version.cmake">
			<Option virtualFolder="CMake Files\..\..\..\..\usr\local\lib\cmake\boost_system-1.74.0\"/>
		</Unit>
		<Unit filename="/Users/mwydmuch/Workspace/ViZDoom2/../../../../usr/local/lib/cmake/boost_system-1.74.0/boost_system-config.cmake">
			<Option virtualFolder="CMake Files\..\..\..\..\usr\local\lib\cmake\boost_system-1.74.0\"/>
		</Unit>
		<Unit filename="/Users/mwydmuch/Workspace/ViZDoom2/../../../../usr/local/lib/cmake/boost_system-1.74.0/libboost_system-variant-mt-shared.cmake">
			<Option virtualFolder="CMake Files\..\..\..\..\usr\local\lib\cmake\boost_system-1.74.0\"/>
		</Unit>
		<Unit filename="/Users/mwydmuch/Workspace/ViZDoom2/../../../../usr/local/lib/cmake/boost_system-1.74.0/libboost_system-variant-mt-static.cmake">
			<Option virtualFolder="CMake Files\..\..\..\..\usr\local\lib\cmake\boost_system-1.74.0\"/>
		</Unit>
		<Unit filename="/Users/mwydmuch/Workspace/ViZDoom2/../../../../usr/local/lib/cmake/boost_system-1.74.0/libboost_system-variant-shared.cmake">
			<Option virtualFolder="CMake Files\..\..\..\..\usr\local\lib\cmake\boost_system-1.74.0\"/>
		</Unit>
		<Unit filename="/Users/mwydmuch/Workspace/ViZDoom2/../../../../usr/local/lib/cmake/boost_system-1.74.0/libboost_system-variant-static.cmake">
			<Option virtualFolder="CMake Files\..\..\..\..\usr\local\lib\cmake\boost_system-1.74.0\"/>
		</Unit>
		<Unit filename="/Users/mwydmuch/Workspace/ViZDoom2/../../../../usr/local/lib/cmake/boost_date_time-1.74.0/boost_date_time-config-version.cmake">
			<Option virtualFolder="CMake Files\..\..\..\..\usr\local\lib\cmake\boost_date_time-1.74.0\"/>
		</Unit>
		<Unit filename="/Users/mwydmuch/Workspace/ViZDoom2/../../../../usr/local/lib/cmake/boost_date_time-1.74.0/boost_date_time-config.cmake">
			<Option virtualFolder="CMake Files\..\..\..\..\usr\local\lib\cmake\boost_date_time-1.74.0\"/>
		</Unit>
		<Unit filename="/Users/mwydmuch/Workspace/ViZDoom2/../../../../usr/local/lib/cmake/boost_date_time-1.74.0/libboost_date_time-variant-mt-shared.cmake">
			<Option virtualFolder="CMake Files\..\..\..\..\usr\local\lib\cmake\boost_date_time-1.74.0\"/>
		</Unit>
		<Unit filename="/Users/mwydmuch/Workspace/ViZDoom2/../../../../usr/local/lib/cmake/boost_date_time-1.74.0/libboost_date_time-variant-mt-static.cmake">
			<Option virtualFolder="CMake Files\..\..\..\..\usr\local\lib\cmake\boost_date_time-1.74.0\"/>
		</Unit>
		<Unit filename="/Users/mwydmuch/Workspace/ViZDoom2/../../../../usr/local/lib/cmake/boost_date_time-1.74.0/libboost_date_time-variant-shared.cmake">
			<Option virtualFolder="CMake Files\..\..\..\..\usr\local\lib\cmake\boost_date_time-1.74.0\"/>
		</Unit>
		<Unit filename="/Users/mwydmuch/Workspace/ViZDoom2/../../../../usr/local/lib/cmake/boost_date_time-1.74.0/libboost_date_time-variant-static.cmake">
			<Option virtualFolder="CMake Files\..\..\..\..\usr\local\lib\cmake\boost_date_time-1.74.0\"/>
		</Unit>
		<Unit filename="/Users/mwydmuch/Workspace/ViZDoom2/../../../../usr/local/lib/cmake/boost_chrono-1.74.0/boost_chrono-config-version.cmake">
			<Option virtualFolder="CMake Files\..\..\..\..\usr\local\lib\cmake\boost_chrono-1.74.0\"/>
		</Unit>
		<Unit filename="/Users/mwydmuch/Workspace/ViZDoom2/../../../../usr/local/lib/cmake/boost_chrono-1.74.0/boost_chrono-config.cmake">
			<Option virtualFolder="CMake Files\..\..\..\..\usr\local\lib\cmake\boost_chrono-1.74.0\"/>
		</Unit>
		<Unit filename="/Users/mwydmuch/Workspace/ViZDoom2/../../../../usr/local/lib/cmake/boost_chrono-1.74.0/libboost_chrono-variant-mt-shared.cmake">
			<Option virtualFolder="CMake Files\..\..\..\..\usr\local\lib\cmake\boost_chrono-1.74.0\"/>
		</Unit>
		<Unit filename="/Users/mwydmuch/Workspace/ViZDoom2/../../../../usr/local/lib/cmake/boost_chrono-1.74.0/libboost_chrono-variant-mt-static.cmake">
			<Option virtualFolder="CMake Files\..\..\..\..\usr\local\lib\cmake\boost_chrono-1.74.0\"/>
		</Unit>
		<Unit filename="/Users/mwydmuch/Workspace/ViZDoom2/../../../../usr/local/lib/cmake/boost_chrono-1.74.0/libboost_chrono-variant-shared.cmake">
			<Option virtualFolder="CMake Files\..\..\..\..\usr\local\lib\cmake\boost_chrono-1.74.0\"/>
		</Unit>
		<Unit filename="/Users/mwydmuch/Workspace/ViZDoom2/../../../../usr/local/lib/cmake/boost_chrono-1.74.0/libboost_chrono-variant-static.cmake">
			<Option virtualFolder="CMake Files\..\..\..\..\usr\local\lib\cmake\boost_chrono-1.74.0\"/>
		</Unit>
		<Unit filename="/Users/mwydmuch/Workspace/ViZDoom2/../../../../usr/local/lib/cmake/boost_regex-1.74.0/boost_regex-config-version.cmake">
			<Option virtualFolder="CMake Files\..\..\..\..\usr\local\lib\cmake\boost_regex-1.74.0\"/>
		</Unit>
		<Unit filename="/Users/mwydmuch/Workspace/ViZDoom2/../../../../usr/local/lib/cmake/boost_regex-1.74.0/boost_regex-config.cmake">
			<Option virtualFolder="CMake Files\..\..\..\..\usr\local\lib\cmake\boost_regex-1.74.0\"/>
		</Unit>
		<Unit filename="/Users/mwydmuch/Workspace/ViZDoom2/../../../../usr/local/lib/cmake/boost_regex-1.74.0/libboost_regex-variant-mt-shared.cmake">
			<Option virtualFolder="CMake Files\..\..\..\..\usr\local\lib\cmake\boost_regex-1.74.0\"/>
		</Unit>
		<Unit filename="/Users/mwydmuch/Workspace/ViZDoom2/../../../../usr/local/lib/cmake/boost_regex-1.74.0/libboost_regex-variant-mt-static.cmake">
			<Option virtualFolder="CMake Files\..\..\..\..\usr\local\lib\cmake\boost_regex-1.74.0\"/>
		</Unit>
		<Unit filename="/Users/mwydmuch/Workspace/ViZDoom2/../../../../usr/local/lib/cmake/boost_regex-1.74.0/libboost_regex-variant-shared.cmake">
			<Option virtualFolder="CMake Files\..\..\..\..\usr\local\lib\cmake\boost_regex-1.74.0\"/>
		</Unit>
		<Unit filename="/Users/mwydmuch/Workspace/ViZDoom2/../../../../usr/local/lib/cmake/boost_regex-1.74.0/libboost_regex-variant-static.cmake">
			<Option virtualFolder="CMake Files\..\..\..\..\usr\local\lib\cmake\boost_regex-1.74.0\"/>
		</Unit>
		<Unit filename="/Users/mwydmuch/Workspace/ViZDoom2/../../../../usr/local/lib/cmake/boost_iostreams-1.74.0/boost_iostreams-config-version.cmake">
			<Option virtualFolder="CMake Files\..\..\..\..\usr\local\lib\cmake\boost_iostreams-1.74.0\"/>
		</Unit>
		<Unit filename="/Users/mwydmuch/Workspace/ViZDoom2/../../../../usr/local/lib/cmake/boost_iostreams-1.74.0/boost_iostreams-config.cmake">
			<Option virtualFolder="CMake Files\..\..\..\..\usr\local\lib\cmake\boost_iostreams-1.74.0\"/>
		</Unit>
		<Unit filename="/Users/mwydmuch/Workspace/ViZDoom2/../../../../usr/local/lib/cmake/boost_iostreams-1.74.0/libboost_iostreams-variant-mt-shared.cmake">
			<Option virtualFolder="CMake Files\..\..\..\..\usr\local\lib\cmake\boost_iostreams-1.74.0\"/>
		</Unit>
		<Unit filename="/Users/mwydmuch/Workspace/ViZDoom2/../../../../usr/local/lib/cmake/boost_iostreams-1.74.0/libboost_iostreams-variant-mt-static.cmake">
			<Option virtualFolder="CMake Files\..\..\..\..\usr\local\lib\cmake\boost_iostreams-1.74.0\"/>
		</Unit>
		<Unit filename="/Users/mwydmuch/Workspace/ViZDoom2/../../../../usr/local/lib/cmake/boost_iostreams-1.74.0/libboost_iostreams-variant-shared.cmake">
			<Option virtualFolder="CMake Files\..\..\..\..\usr\local\lib\cmake\boost_iostreams-1.74.0\"/>
		</Unit>
		<Unit filename="/Users/mwydmuch/Workspace/ViZDoom2/../../../../usr/local/lib/cmake/boost_iostreams-1.74.0/libboost_iostreams-variant-static.cmake">
			<Option virtualFolder="CMake Files\..\..\..\..\usr\local\lib\cmake\boost_iostreams-1.74.0\"/>
		</Unit>
		<Unit filename="/Users/mwydmuch/Workspace/ViZDoom2/src/lib/ViZDoomVersion.h.in">
			<Option virtualFolder="CMake Files\src\lib\"/>
		</Unit>
		<Unit filename="/Users/mwydmuch/Workspace/ViZDoom2/src/vizdoom/CMakeLists.txt">
			<Option virtualFolder="CMake Files\src\vizdoom\"/>
		</Unit>
		<Unit filename="/Users/mwydmuch/Workspace/ViZDoom2/src/vizdoom/src/CMakeLists.txt">
			<Option virtualFolder="CMake Files\src\vizdoom\src\"/>
		</Unit>
		<Unit filename="/Users/mwydmuch/Workspace/ViZDoom2/src/vizdoom/src/viz_version.h.in">
			<Option virtualFolder="CMake Files\src\vizdoom\src\"/>
		</Unit>
		<Unit filename="/Users/mwydmuch/Workspace/ViZDoom2/src/vizdoom/src/posix/osx/zdoom-info.plist">
			<Option virtualFolder="CMake Files\src\vizdoom\src\posix\osx\"/>
		</Unit>
		<Unit filename="/Users/mwydmuch/Workspace/ViZDoom2/src/vizdoom/game-music-emu/CMakeLists.txt">
			<Option virtualFolder="CMake Files\src\vizdoom\game-music-emu\"/>
		</Unit>
		<Unit filename="/Users/mwydmuch/Workspace/ViZDoom2/src/vizdoom/game-music-emu/gme/CMakeLists.txt">
			<Option virtualFolder="CMake Files\src\vizdoom\game-music-emu\gme\"/>
		</Unit>
		<Unit filename="/Users/mwydmuch/Workspace/ViZDoom2/src/vizdoom/game-music-emu/gme/gme_types.h.in">
			<Option virtualFolder="CMake Files\src\vizdoom\game-music-emu\gme\"/>
		</Unit>
		<Unit filename="/Users/mwydmuch/Workspace/ViZDoom2/src/vizdoom/lzma/CMakeLists.txt">
			<Option virtualFolder="CMake Files\src\vizdoom\lzma\"/>
		</Unit>
		<Unit filename="/Users/mwydmuch/Workspace/ViZDoom2/src/vizdoom/tools/CMakeLists.txt">
			<Option virtualFolder="CMake Files\src\vizdoom\tools\"/>
		</Unit>
		<Unit filename="/Users/mwydmuch/Workspace/ViZDoom2/src/vizdoom/tools/lemon/CMakeLists.txt">
			<Option virtualFolder="CMake Files\src\vizdoom\tools\lemon\"/>
		</Unit>
		<Unit filename="/Users/mwydmuch/Workspace/ViZDoom2/src/vizdoom/tools/re2c/CMakeLists.txt">
			<Option virtualFolder="CMake Files\src\vizdoom\tools\re2c\"/>
		</Unit>
		<Unit filename="/Users/mwydmuch/Workspace/ViZDoom2/src/vizdoom/tools/re2c/config.h.in">
			<Option virtualFolder="CMake Files\src\vizdoom\tools\re2c\"/>
		</Unit>
		<Unit filename="/Users/mwydmuch/Workspace/ViZDoom2/src/vizdoom/tools/updaterevision/CMakeLists.txt">
			<Option virtualFolder="CMake Files\src\vizdoom\tools\updaterevision\"/>
		</Unit>
		<Unit filename="/Users/mwydmuch/Workspace/ViZDoom2/src/vizdoom/tools/zipdir/CMakeLists.txt">
			<Option virtualFolder="CMake Files\src\vizdoom\tools\zipdir\"/>
		</Unit>
		<Unit filename="/Users/mwydmuch/Workspace/ViZDoom2/src/vizdoom/dumb/CMakeLists.txt">
			<Option virtualFolder="CMake Files\src\vizdoom\dumb\"/>
		</Unit>
		<Unit filename="/Users/mwydmuch/Workspace/ViZDoom2/src/vizdoom/gdtoa/CMakeLists.txt">
			<Option virtualFolder="CMake Files\src\vizdoom\gdtoa\"/>
		</Unit>
		<Unit filename="/Users/mwydmuch/Workspace/ViZDoom2/src/vizdoom/wadsrc/CMakeLists.txt">
			<Option virtualFolder="CMake Files\src\vizdoom\wadsrc\"/>
		</Unit>
		<Unit filename="/Users/mwydmuch/Workspace/ViZDoom2/src/lib_python/CMakeLists.txt">
			<Option virtualFolder="CMake Files\src\lib_python\"/>
		</Unit>
		<Unit filename="/Users/mwydmuch/Workspace/ViZDoom2/src/lib_python/__init__.py.in">
			<Option virtualFolder="CMake Files\src\lib_python\"/>
		</Unit>
		<Unit filename="/Users/mwydmuch/Workspace/ViZDoom2/src/lib_python/pybind11/CMakeLists.txt">
			<Option virtualFolder="CMake Files\src\lib_python\pybind11\"/>
		</Unit>
		<Unit filename="/Users/mwydmuch/Workspace/ViZDoom2/src/lib_python/pybind11/tools/pybind11Common.cmake">
			<Option virtualFolder="CMake Files\src\lib_python\pybind11\tools\"/>
		</Unit>
		<Unit filename="/Users/mwydmuch/Workspace/ViZDoom2/src/lib_python/pybind11/tools/pybind11Tools.cmake">
			<Option virtualFolder="CMake Files\src\lib_python\pybind11\tools\"/>
		</Unit>
		<Unit filename="/Users/mwydmuch/Workspace/ViZDoom2/cmake_modules/CleanDirectoryList.cmake">
			<Option virtualFolder="CMake Files\cmake_modules\"/>
		</Unit>
		<Unit filename="/Users/mwydmuch/Workspace/ViZDoom2/cmake_modules/CreateLaunchers.cmake">
			<Option virtualFolder="CMake Files\cmake_modules\"/>
		</Unit>
		<Unit filename="/Users/mwydmuch/Workspace/ViZDoom2/cmake_modules/FindFluidSynth.cmake">
			<Option virtualFolder="CMake Files\cmake_modules\"/>
		</Unit>
		<Unit filename="/Users/mwydmuch/Workspace/ViZDoom2/cmake_modules/FindMPG123.cmake">
			<Option virtualFolder="CMake Files\cmake_modules\"/>
		</Unit>
		<Unit filename="/Users/mwydmuch/Workspace/ViZDoom2/cmake_modules/FindNumPy.cmake">
			<Option virtualFolder="CMake Files\cmake_modules\"/>
		</Unit>
		<Unit filename="/Users/mwydmuch/Workspace/ViZDoom2/cmake_modules/FindPythonLibsNew.cmake">
			<Option virtualFolder="CMake Files\cmake_modules\"/>
		</Unit>
		<Unit filename="/Users/mwydmuch/Workspace/ViZDoom2/cmake_modules/FindSDL2.cmake">
			<Option virtualFolder="CMake Files\cmake_modules\"/>
		</Unit>
		<Unit filename="/Users/mwydmuch/Workspace/ViZDoom2/cmake_modules/FindSndFile.cmake">
			<Option virtualFolder="CMake Files\cmake_modules\"/>
		</Unit>
		<Unit filename="/Users/mwydmuch/Workspace/ViZDoom2/cmake_modules/GitUtils.cmake">
			<Option virtualFolder="CMake Files\cmake_modules\"/>
		</Unit>
	</Project>
</CodeBlocks_project_file>
